
Microsoft Visual Studio Solution File, Format Version 12.00
# Visual Studio Version 16
VisualStudioVersion = 16.0.30114.105
MinimumVisualStudioVersion = 10.0.40219.1
Project("{FAE04EC0-301F-11D3-BF4B-00C04F79EFBC}") = "MarsRoverKataService", "MarsRoverKataService\MarsRoverKataService.csproj", "{77C3C044-ECC5-4613-BFD1-A9BACE586E09}"
EndProject
Project("{FAE04EC0-301F-11D3-BF4B-00C04F79EFBC}") = "MarsRoverKataService.Tests", "MarsRoverKataService.Tests\MarsRoverKataService.Tests.csproj", "{F62A1DBC-89C2-426C-BB5D-DB6642AFCC76}"
EndProject
Global
	GlobalSection(SolutionConfigurationPlatforms) = preSolution
		Debug|Any CPU = Debug|Any CPU
		Release|Any CPU = Release|Any CPU
	EndGlobalSection
	GlobalSection(SolutionProperties) = preSolution
		HideSolutionNode = FALSE
	EndGlobalSection
	GlobalSection(ProjectConfigurationPlatforms) = postSolution
		{77C3C044-ECC5-4613-BFD1-A9BACE586E09}.Debug|Any CPU.ActiveCfg = Debug|Any CPU
		{77C3C044-ECC5-4613-BFD1-A9BACE586E09}.Debug|Any CPU.Build.0 = Debug|Any CPU
		{77C3C044-ECC5-4613-BFD1-A9BACE586E09}.Release|Any CPU.ActiveCfg = Release|Any CPU
		{77C3C044-ECC5-4613-BFD1-A9BACE586E09}.Release|Any CPU.Build.0 = Release|Any CPU
		{F62A1DBC-89C2-426C-BB5D-DB6642AFCC76}.Debug|Any CPU.ActiveCfg = Debug|Any CPU
		{F62A1DBC-89C2-426C-BB5D-DB6642AFCC76}.Debug|Any CPU.Build.0 = Debug|Any CPU
		{F62A1DBC-89C2-426C-BB5D-DB6642AFCC76}.Release|Any CPU.ActiveCfg = Release|Any CPU
		{F62A1DBC-89C2-426C-BB5D-DB6642AFCC76}.Release|Any CPU.Build.0 = Release|Any CPU
	EndGlobalSection
EndGlobal
